{
  "name": "source-map-reviews",
  "lockfileVersion": 3,
  "requires": true,
  "packages": {
    "": {
      "devDependencies": {
        "@angular/language-service": "^19.2.14"
      }
    },
    "node_modules/@angular/language-service": {
      "version": "19.2.14",
      "resolved": "https://registry.npmjs.org/@angular/language-service/-/language-service-19.2.14.tgz",
      "integrity": "sha512-XgzZdBCe/obCrck5I6GIG4qSI9UGaOtbrvNuw0QAK0DySKaW5inRm6/QwCMPRmPkJBY0wLeYUVz//rtHpEjeTQ==",
      "dev": true,
      "license": "MIT",
      "engines": {
        "node": "^18.19.1 || ^20.11.1 || >=22.0.0"
      }
    }
  }
}
